
Microsoft Visual Studio Solution File, Format Version 12.00
# Visual Studio Version 16
VisualStudioVersion = 16.0.28803.452
MinimumVisualStudioVersion = 10.0.40219.1
Project("{2150E333-8FDC-42A3-9474-1A3956D46DE8}") = "1 - Aplication", "1 - Aplication", "{D7A54500-1CC2-4639-898A-99A80F822C90}"
EndProject
Project("{2150E333-8FDC-42A3-9474-1A3956D46DE8}") = "2 - Domain", "2 - Domain", "{850F3B43-93B5-49BF-B899-B03B0771419D}"
EndProject
Project("{2150E333-8FDC-42A3-9474-1A3956D46DE8}") = "3 - Service", "3 - Service", "{F5336818-293E-450E-84B6-022E26948757}"
EndProject
Project("{2150E333-8FDC-42A3-9474-1A3956D46DE8}") = "4 - Infra", "4 - Infra", "{FCD8EAE1-CB1A-4EEF-BDD5-9E7DB8CFB732}"
EndProject
Project("{2150E333-8FDC-42A3-9474-1A3956D46DE8}") = "4.1 - Crosscutting", "4.1 - Crosscutting", "{2825960C-263E-49CC-AAA0-980177D0AA97}"
EndProject
Project("{2150E333-8FDC-42A3-9474-1A3956D46DE8}") = "4.2 - Data", "4.2 - Data", "{68CE78AE-CB47-4E5A-8F4D-91FB0C5843A8}"
EndProject
Project("{FAE04EC0-301F-11D3-BF4B-00C04F79EFBC}") = "WebApi", "Camadas\1 - Aplication\WebApi\WebApi.csproj", "{21DBE83D-11EB-420B-8BE0-819DEE9235FC}"
EndProject
Project("{FAE04EC0-301F-11D3-BF4B-00C04F79EFBC}") = "Aps19.Domain", "Camadas\2 -Domain\Aps19.Domain\Aps19.Domain.csproj", "{33C14B61-5CF8-4647-847E-0756D92FFAD1}"
EndProject
Project("{FAE04EC0-301F-11D3-BF4B-00C04F79EFBC}") = "APS19.Service", "Camadas\3 - Service\APS19.Service\APS19.Service.csproj", "{1DB40EFD-BC75-47AD-90C0-A6CC64750B8B}"
EndProject
Project("{FAE04EC0-301F-11D3-BF4B-00C04F79EFBC}") = "Aps19.Infra.CrossCuttting", "Camadas\4 - Infra\4.1 - CrossCutting\Aps19.Infra.CrossCuttting\Aps19.Infra.CrossCuttting.csproj", "{DB109D90-AD9E-42D8-9CFE-49F9B96F62AE}"
EndProject
Project("{FAE04EC0-301F-11D3-BF4B-00C04F79EFBC}") = "Aps19.Infra.Data", "Camadas\4 - Infra\4.2 - Data\Aps19.Infra.Data\Aps19.Infra.Data.csproj", "{3624B693-EED3-4BFD-9A08-42EDDFC055F1}"
EndProject
Global
	GlobalSection(SolutionConfigurationPlatforms) = preSolution
		Debug|Any CPU = Debug|Any CPU
		Release|Any CPU = Release|Any CPU
	EndGlobalSection
	GlobalSection(ProjectConfigurationPlatforms) = postSolution
		{21DBE83D-11EB-420B-8BE0-819DEE9235FC}.Debug|Any CPU.ActiveCfg = Debug|Any CPU
		{21DBE83D-11EB-420B-8BE0-819DEE9235FC}.Debug|Any CPU.Build.0 = Debug|Any CPU
		{21DBE83D-11EB-420B-8BE0-819DEE9235FC}.Release|Any CPU.ActiveCfg = Release|Any CPU
		{21DBE83D-11EB-420B-8BE0-819DEE9235FC}.Release|Any CPU.Build.0 = Release|Any CPU
		{33C14B61-5CF8-4647-847E-0756D92FFAD1}.Debug|Any CPU.ActiveCfg = Debug|Any CPU
		{33C14B61-5CF8-4647-847E-0756D92FFAD1}.Debug|Any CPU.Build.0 = Debug|Any CPU
		{33C14B61-5CF8-4647-847E-0756D92FFAD1}.Release|Any CPU.ActiveCfg = Release|Any CPU
		{33C14B61-5CF8-4647-847E-0756D92FFAD1}.Release|Any CPU.Build.0 = Release|Any CPU
		{1DB40EFD-BC75-47AD-90C0-A6CC64750B8B}.Debug|Any CPU.ActiveCfg = Debug|Any CPU
		{1DB40EFD-BC75-47AD-90C0-A6CC64750B8B}.Debug|Any CPU.Build.0 = Debug|Any CPU
		{1DB40EFD-BC75-47AD-90C0-A6CC64750B8B}.Release|Any CPU.ActiveCfg = Release|Any CPU
		{1DB40EFD-BC75-47AD-90C0-A6CC64750B8B}.Release|Any CPU.Build.0 = Release|Any CPU
		{DB109D90-AD9E-42D8-9CFE-49F9B96F62AE}.Debug|Any CPU.ActiveCfg = Debug|Any CPU
		{DB109D90-AD9E-42D8-9CFE-49F9B96F62AE}.Debug|Any CPU.Build.0 = Debug|Any CPU
		{DB109D90-AD9E-42D8-9CFE-49F9B96F62AE}.Release|Any CPU.ActiveCfg = Release|Any CPU
		{DB109D90-AD9E-42D8-9CFE-49F9B96F62AE}.Release|Any CPU.Build.0 = Release|Any CPU
		{3624B693-EED3-4BFD-9A08-42EDDFC055F1}.Debug|Any CPU.ActiveCfg = Debug|Any CPU
		{3624B693-EED3-4BFD-9A08-42EDDFC055F1}.Debug|Any CPU.Build.0 = Debug|Any CPU
		{3624B693-EED3-4BFD-9A08-42EDDFC055F1}.Release|Any CPU.ActiveCfg = Release|Any CPU
		{3624B693-EED3-4BFD-9A08-42EDDFC055F1}.Release|Any CPU.Build.0 = Release|Any CPU
	EndGlobalSection
	GlobalSection(SolutionProperties) = preSolution
		HideSolutionNode = FALSE
	EndGlobalSection
	GlobalSection(NestedProjects) = preSolution
		{2825960C-263E-49CC-AAA0-980177D0AA97} = {FCD8EAE1-CB1A-4EEF-BDD5-9E7DB8CFB732}
		{68CE78AE-CB47-4E5A-8F4D-91FB0C5843A8} = {FCD8EAE1-CB1A-4EEF-BDD5-9E7DB8CFB732}
		{21DBE83D-11EB-420B-8BE0-819DEE9235FC} = {D7A54500-1CC2-4639-898A-99A80F822C90}
		{33C14B61-5CF8-4647-847E-0756D92FFAD1} = {850F3B43-93B5-49BF-B899-B03B0771419D}
		{1DB40EFD-BC75-47AD-90C0-A6CC64750B8B} = {F5336818-293E-450E-84B6-022E26948757}
		{DB109D90-AD9E-42D8-9CFE-49F9B96F62AE} = {2825960C-263E-49CC-AAA0-980177D0AA97}
		{3624B693-EED3-4BFD-9A08-42EDDFC055F1} = {68CE78AE-CB47-4E5A-8F4D-91FB0C5843A8}
	EndGlobalSection
	GlobalSection(ExtensibilityGlobals) = postSolution
		SolutionGuid = {0D80C30A-C8F4-4342-96E9-12295ABFE722}
	EndGlobalSection
EndGlobal
